// !$*UTF8*$!
{
	archiveVersion = 1;
	classes = {
	};
	objectVersion = 46;
	objects = {

/* Begin PBXBuildFile section */
		943699BD1AC793D800B35B35 /* libwebpcnv.a in Frameworks */ = {isa = PBXBuildFile; fileRef = 943698541AC791EE00B35B35 /* libwebpcnv.a */; };
		94AB4B941AC79D96009A96EC /* WebPURLProtocol.m in Sources */ = {isa = PBXBuildFile; fileRef = 94AB4B931AC79D96009A96EC /* WebPURLProtocol.m */; };
		94E4F9AA1A5A8A2800997F20 /* main.m in Sources */ = {isa = PBXBuildFile; fileRef = 94E4F9A91A5A8A2800997F20 /* main.m */; };
		94E4F9AD1A5A8A2800997F20 /* AppDelegate.m in Sources */ = {isa = PBXBuildFile; fileRef = 94E4F9AC1A5A8A2800997F20 /* AppDelegate.m */; };
		94E4F9B01A5A8A2800997F20 /* ViewController.mm in Sources */ = {isa = PBXBuildFile; fileRef = 94E4F9AF1A5A8A2800997F20 /* ViewController.mm */; };
		94E4F9B31A5A8A2800997F20 /* Main.storyboard in Resources */ = {isa = PBXBuildFile; fileRef = 94E4F9B11A5A8A2800997F20 /* Main.storyboard */; };
		94E4F9B51A5A8A2800997F20 /* Images.xcassets in Resources */ = {isa = PBXBuildFile; fileRef = 94E4F9B41A5A8A2800997F20 /* Images.xcassets */; };
		94E4F9B81A5A8A2800997F20 /* LaunchScreen.xib in Resources */ = {isa = PBXBuildFile; fileRef = 94E4F9B61A5A8A2800997F20 /* LaunchScreen.xib */; };
		94E4FAC11A5A8D9500997F20 /* libz.dylib in Frameworks */ = {isa = PBXBuildFile; fileRef = 94E4FAC01A5A8D9500997F20 /* libz.dylib */; };
/* End PBXBuildFile section */

/* Begin PBXContainerItemProxy section */
		943698531AC791EE00B35B35 /* PBXContainerItemProxy */ = {
			isa = PBXContainerItemProxy;
			containerPortal = 9436984E1AC791ED00B35B35 /* webpcnv.xcodeproj */;
			proxyType = 2;
			remoteGlobalIDString = 943698341AC791EC00B35B35;
			remoteInfo = webpcnv;
		};
/* End PBXContainerItemProxy section */

/* Begin PBXFileReference section */
		9436984E1AC791ED00B35B35 /* webpcnv.xcodeproj */ = {isa = PBXFileReference; lastKnownFileType = "wrapper.pb-project"; name = webpcnv.xcodeproj; path = webpcnv/webpcnv.xcodeproj; sourceTree = "<group>"; };
		943699C01AC7942300B35B35 /* WebPConverter.h */ = {isa = PBXFileReference; fileEncoding = 4; lastKnownFileType = sourcecode.c.h; name = WebPConverter.h; path = ../webpcnv/webpcnv/WebP/WebPConverter.h; sourceTree = "<group>"; };
		94AB4B921AC79D96009A96EC /* WebPURLProtocol.h */ = {isa = PBXFileReference; fileEncoding = 4; lastKnownFileType = sourcecode.c.h; path = WebPURLProtocol.h; sourceTree = "<group>"; };
		94AB4B931AC79D96009A96EC /* WebPURLProtocol.m */ = {isa = PBXFileReference; fileEncoding = 4; lastKnownFileType = sourcecode.c.objc; path = WebPURLProtocol.m; sourceTree = "<group>"; };
		94E4F9A41A5A8A2800997F20 /* WebP.app */ = {isa = PBXFileReference; explicitFileType = wrapper.application; includeInIndex = 0; path = WebP.app; sourceTree = BUILT_PRODUCTS_DIR; };
		94E4F9A81A5A8A2800997F20 /* Info.plist */ = {isa = PBXFileReference; lastKnownFileType = text.plist.xml; path = Info.plist; sourceTree = "<group>"; };
		94E4F9A91A5A8A2800997F20 /* main.m */ = {isa = PBXFileReference; lastKnownFileType = sourcecode.c.objc; path = main.m; sourceTree = "<group>"; };
		94E4F9AB1A5A8A2800997F20 /* AppDelegate.h */ = {isa = PBXFileReference; lastKnownFileType = sourcecode.c.h; path = AppDelegate.h; sourceTree = "<group>"; };
		94E4F9AC1A5A8A2800997F20 /* AppDelegate.m */ = {isa = PBXFileReference; lastKnownFileType = sourcecode.c.objc; path = AppDelegate.m; sourceTree = "<group>"; };
		94E4F9AE1A5A8A2800997F20 /* ViewController.h */ = {isa = PBXFileReference; lastKnownFileType = sourcecode.c.h; path = ViewController.h; sourceTree = "<group>"; };
		94E4F9AF1A5A8A2800997F20 /* ViewController.mm */ = {isa = PBXFileReference; lastKnownFileType = sourcecode.cpp.objcpp; path = ViewController.mm; sourceTree = "<group>"; };
		94E4F9B21A5A8A2800997F20 /* Base */ = {isa = PBXFileReference; lastKnownFileType = file.storyboard; name = Base; path = Base.lproj/Main.storyboard; sourceTree = "<group>"; };
		94E4F9B41A5A8A2800997F20 /* Images.xcassets */ = {isa = PBXFileReference; lastKnownFileType = folder.assetcatalog; path = Images.xcassets; sourceTree = "<group>"; };
		94E4F9B71A5A8A2800997F20 /* Base */ = {isa = PBXFileReference; lastKnownFileType = file.xib; name = Base; path = Base.lproj/LaunchScreen.xib; sourceTree = "<group>"; };
		94E4FAC01A5A8D9500997F20 /* libz.dylib */ = {isa = PBXFileReference; lastKnownFileType = "compiled.mach-o.dylib"; name = libz.dylib; path = usr/lib/libz.dylib; sourceTree = SDKROOT; };
/* End PBXFileReference section */

/* Begin PBXFrameworksBuildPhase section */
		94E4F9A11A5A8A2800997F20 /* Frameworks */ = {
			isa = PBXFrameworksBuildPhase;
			buildActionMask = 2147483647;
			files = (
				943699BD1AC793D800B35B35 /* libwebpcnv.a in Frameworks */,
				94E4FAC11A5A8D9500997F20 /* libz.dylib in Frameworks */,
			);
			runOnlyForDeploymentPostprocessing = 0;
		};
/* End PBXFrameworksBuildPhase section */

/* Begin PBXGroup section */
		9436984F1AC791ED00B35B35 /* Products */ = {
			isa = PBXGroup;
			children = (
				943698541AC791EE00B35B35 /* libwebpcnv.a */,
			);
			name = Products;
			sourceTree = "<group>";
		};
		943699BF1AC7941900B35B35 /* Dependence */ = {
			isa = PBXGroup;
			children = (
				943699C01AC7942300B35B35 /* WebPConverter.h */,
			);
			name = Dependence;
			sourceTree = "<group>";
		};
		94E4F99B1A5A8A2800997F20 = {
			isa = PBXGroup;
			children = (
				9436984E1AC791ED00B35B35 /* webpcnv.xcodeproj */,
				94E4F9A61A5A8A2800997F20 /* WebP */,
				94E4F9A51A5A8A2800997F20 /* Products */,
			);
			sourceTree = "<group>";
		};
		94E4F9A51A5A8A2800997F20 /* Products */ = {
			isa = PBXGroup;
			children = (
				94E4F9A41A5A8A2800997F20 /* WebP.app */,
			);
			name = Products;
			sourceTree = "<group>";
		};
		94E4F9A61A5A8A2800997F20 /* WebP */ = {
			isa = PBXGroup;
			children = (
				943699BF1AC7941900B35B35 /* Dependence */,
				94AB4B921AC79D96009A96EC /* WebPURLProtocol.h */,
				94AB4B931AC79D96009A96EC /* WebPURLProtocol.m */,
				94E4F9AB1A5A8A2800997F20 /* AppDelegate.h */,
				94E4F9AC1A5A8A2800997F20 /* AppDelegate.m */,
				94E4F9AE1A5A8A2800997F20 /* ViewController.h */,
				94E4F9AF1A5A8A2800997F20 /* ViewController.mm */,
				94E4F9B11A5A8A2800997F20 /* Main.storyboard */,
				94E4F9B41A5A8A2800997F20 /* Images.xcassets */,
				94E4F9B61A5A8A2800997F20 /* LaunchScreen.xib */,
				94E4F9A71A5A8A2800997F20 /* Supporting Files */,
			);
			path = WebP;
			sourceTree = "<group>";
		};
		94E4F9A71A5A8A2800997F20 /* Supporting Files */ = {
			isa = PBXGroup;
			children = (
				94E4FAC01A5A8D9500997F20 /* libz.dylib */,
				94E4F9A81A5A8A2800997F20 /* Info.plist */,
				94E4F9A91A5A8A2800997F20 /* main.m */,
			);
			name = "Supporting Files";
			sourceTree = "<group>";
		};
/* End PBXGroup section */

/* Begin PBXNativeTarget section */
		94E4F9A31A5A8A2800997F20 /* WebP */ = {
			isa = PBXNativeTarget;
			buildConfigurationList = 94E4F9C71A5A8A2800997F20 /* Build configuration list for PBXNativeTarget "WebP" */;
			buildPhases = (
				94E4F9A01A5A8A2800997F20 /* Sources */,
				94E4F9A11A5A8A2800997F20 /* Frameworks */,
				94E4F9A21A5A8A2800997F20 /* Resources */,
			);
			buildRules = (
			);
			dependencies = (
			);
			name = WebP;
			productName = WebP;
			productReference = 94E4F9A41A5A8A2800997F20 /* WebP.app */;
			productType = "com.apple.product-type.application";
		};
/* End PBXNativeTarget section */

/* Begin PBXProject section */
		94E4F99C1A5A8A2800997F20 /* Project object */ = {
			isa = PBXProject;
			attributes = {
				LastUpgradeCheck = 0610;
				ORGANIZATIONNAME = LiangJin;
				TargetAttributes = {
					94E4F9A31A5A8A2800997F20 = {
						CreatedOnToolsVersion = 6.1.1;
					};
				};
			};
			buildConfigurationList = 94E4F99F1A5A8A2800997F20 /* Build configuration list for PBXProject "WebP" */;
			compatibilityVersion = "Xcode 3.2";
			developmentRegion = English;
			hasScannedForEncodings = 0;
			knownRegions = (
				en,
				Base,
			);
			mainGroup = 94E4F99B1A5A8A2800997F20;
			productRefGroup = 94E4F9A51A5A8A2800997F20 /* Products */;
			projectDirPath = "";
			projectReferences = (
				{
					ProductGroup = 9436984F1AC791ED00B35B35 /* Products */;
					ProjectRef = 9436984E1AC791ED00B35B35 /* webpcnv.xcodeproj */;
				},
			);
			projectRoot = "";
			targets = (
				94E4F9A31A5A8A2800997F20 /* WebP */,
			);
		};
/* End PBXProject section */

/* Begin PBXReferenceProxy section */
		943698541AC791EE00B35B35 /* libwebpcnv.a */ = {
			isa = PBXReferenceProxy;
			fileType = archive.ar;
			path = libwebpcnv.a;
			remoteRef = 943698531AC791EE00B35B35 /* PBXContainerItemProxy */;
			sourceTree = BUILT_PRODUCTS_DIR;
		};
/* End PBXReferenceProxy section */

/* Begin PBXResourcesBuildPhase section */
		94E4F9A21A5A8A2800997F20 /* Resources */ = {
			isa = PBXResourcesBuildPhase;
			buildActionMask = 2147483647;
			files = (
				94E4F9B31A5A8A2800997F20 /* Main.storyboard in Resources */,
				94E4F9B81A5A8A2800997F20 /* LaunchScreen.xib in Resources */,
				94E4F9B51A5A8A2800997F20 /* Images.xcassets in Resources */,
			);
			runOnlyForDeploymentPostprocessing = 0;
		};
/* End PBXResourcesBuildPhase section */

/* Begin PBXSourcesBuildPhase section */
		94E4F9A01A5A8A2800997F20 /* Sources */ = {
			isa = PBXSourcesBuildPhase;
			buildActionMask = 2147483647;
			files = (
				94E4F9B01A5A8A2800997F20 /* ViewController.mm in Sources */,
				94E4F9AD1A5A8A2800997F20 /* AppDelegate.m in Sources */,
				94E4F9AA1A5A8A2800997F20 /* main.m in Sources */,
				94AB4B941AC79D96009A96EC /* WebPURLProtocol.m in Sources */,
			);
			runOnlyForDeploymentPostprocessing = 0;
		};
/* End PBXSourcesBuildPhase section */

/* Begin PBXVariantGroup section */
		94E4F9B11A5A8A2800997F20 /* Main.storyboard */ = {
			isa = PBXVariantGroup;
			children = (
				94E4F9B21A5A8A2800997F20 /* Base */,
			);
			name = Main.storyboard;
			sourceTree = "<group>";
		};
		94E4F9B61A5A8A2800997F20 /* LaunchScreen.xib */ = {
			isa = PBXVariantGroup;
			children = (
				94E4F9B71A5A8A2800997F20 /* Base */,
			);
			name = LaunchScreen.xib;
			sourceTree = "<group>";
		};
/* End PBXVariantGroup section */

/* Begin XCBuildConfiguration section */
		94E4F9C51A5A8A2800997F20 /* Debug */ = {
			isa = XCBuildConfiguration;
			buildSettings = {
				ALWAYS_SEARCH_USER_PATHS = NO;
				CLANG_CXX_LANGUAGE_STANDARD = "gnu++0x";
				CLANG_CXX_LIBRARY = "libc++";
				CLANG_ENABLE_MODULES = YES;
				CLANG_ENABLE_OBJC_ARC = NO;
				CLANG_WARN_BOOL_CONVERSION = YES;
				CLANG_WARN_CONSTANT_CONVERSION = YES;
				CLANG_WARN_DIRECT_OBJC_ISA_USAGE = YES_ERROR;
				CLANG_WARN_EMPTY_BODY = YES;
				CLANG_WARN_ENUM_CONVERSION = YES;
				CLANG_WARN_INT_CONVERSION = YES;
				CLANG_WARN_OBJC_ROOT_CLASS = YES_ERROR;
				CLANG_WARN_UNREACHABLE_CODE = YES;
				CLANG_WARN__DUPLICATE_METHOD_MATCH = YES;
				CODE_SIGN_IDENTITY = "iPhone Developer";
				COPY_PHASE_STRIP = NO;
				ENABLE_STRICT_OBJC_MSGSEND = YES;
				GCC_C_LANGUAGE_STANDARD = gnu99;
				GCC_DYNAMIC_NO_PIC = NO;
				GCC_OPTIMIZATION_LEVEL = 0;
				GCC_PREPROCESSOR_DEFINITIONS = (
					"DEBUG=1",
					"$(inherited)",
					WEBP_USE_THREAD,
				);
				GCC_SYMBOLS_PRIVATE_EXTERN = NO;
				GCC_WARN_64_TO_32_BIT_CONVERSION = YES;
				GCC_WARN_ABOUT_RETURN_TYPE = YES_ERROR;
				GCC_WARN_UNDECLARED_SELECTOR = YES;
				GCC_WARN_UNINITIALIZED_AUTOS = YES_AGGRESSIVE;
				GCC_WARN_UNUSED_FUNCTION = YES;
				GCC_WARN_UNUSED_VARIABLE = YES;
				IPHONEOS_DEPLOYMENT_TARGET = 7.0;
				MTL_ENABLE_DEBUG_INFO = YES;
				ONLY_ACTIVE_ARCH = YES;
				SDKROOT = iphoneos;
				TARGETED_DEVICE_FAMILY = "1,2";
			};
			name = Debug;
		};
		94E4F9C61A5A8A2800997F20 /* Release */ = {
			isa = XCBuildConfiguration;
			buildSettings = {
				ALWAYS_SEARCH_USER_PATHS = NO;
				CLANG_CXX_LANGUAGE_STANDARD = "gnu++0x";
				CLANG_CXX_LIBRARY = "libc++";
				CLANG_ENABLE_MODULES = YES;
				CLANG_ENABLE_OBJC_ARC = NO;
				CLANG_WARN_BOOL_CONVERSION = YES;
				CLANG_WARN_CONSTANT_CONVERSION = YES;
				CLANG_WARN_DIRECT_OBJC_ISA_USAGE = YES_ERROR;
				CLANG_WARN_EMPTY_BODY = YES;
				CLANG_WARN_ENUM_CONVERSION = YES;
				CLANG_WARN_INT_CONVERSION = YES;
				CLANG_WARN_OBJC_ROOT_CLASS = YES_ERROR;
				CLANG_WARN_UNREACHABLE_CODE = YES;
				CLANG_WARN__DUPLICATE_METHOD_MATCH = YES;
				CODE_SIGN_IDENTITY = "iPhone Developer";
				COPY_PHASE_STRIP = YES;
				ENABLE_NS_ASSERTIONS = NO;
				ENABLE_STRICT_OBJC_MSGSEND = YES;
				GCC_C_LANGUAGE_STANDARD = gnu99;
				GCC_PREPROCESSOR_DEFINITIONS = WEBP_USE_THREAD;
				GCC_WARN_64_TO_32_BIT_CONVERSION = YES;
				GCC_WARN_ABOUT_RETURN_TYPE = YES_ERROR;
				GCC_WARN_UNDECLARED_SELECTOR = YES;
				GCC_WARN_UNINITIALIZED_AUTOS = YES_AGGRESSIVE;
				GCC_WARN_UNUSED_FUNCTION = YES;
				GCC_WARN_UNUSED_VARIABLE = YES;
				IPHONEOS_DEPLOYMENT_TARGET = 7.0;
				MTL_ENABLE_DEBUG_INFO = NO;
				SDKROOT = iphoneos;
				TARGETED_DEVICE_FAMILY = "1,2";
				VALIDATE_PRODUCT = YES;
			};
			name = Release;
		};
		94E4F9C81A5A8A2800997F20 /* Debug */ = {
			isa = XCBuildConfiguration;
			buildSettings = {
				ASSETCATALOG_COMPILER_APPICON_NAME = AppIcon;
				ASSETCATALOG_COMPILER_LAUNCHIMAGE_NAME = LaunchImage;
				HEADER_SEARCH_PATHS = (
					"$(inherited)",
					/Applications/Xcode.app/Contents/Developer/Toolchains/XcodeDefault.xctoolchain/usr/include,
					"$(SRCROOT)/WebP/libwebp/src",
				);
				INFOPLIST_FILE = WebP/Info.plist;
				IPHONEOS_DEPLOYMENT_TARGET = 7.1;
				LD_RUNPATH_SEARCH_PATHS = "$(inherited) @executable_path/Frameworks";
				PRODUCT_NAME = "$(TARGET_NAME)";
			};
			name = Debug;
		};
		94E4F9C91A5A8A2800997F20 /* Release */ = {
			isa = XCBuildConfiguration;
			buildSettings = {
				ASSETCATALOG_COMPILER_APPICON_NAME = AppIcon;
				ASSETCATALOG_COMPILER_LAUNCHIMAGE_NAME = LaunchImage;
				HEADER_SEARCH_PATHS = (
					"$(inherited)",
					/Applications/Xcode.app/Contents/Developer/Toolchains/XcodeDefault.xctoolchain/usr/include,
					"$(SRCROOT)/WebP/libwebp/src",
				);
				INFOPLIST_FILE = WebP/Info.plist;
				IPHONEOS_DEPLOYMENT_TARGET = 7.1;
				LD_RUNPATH_SEARCH_PATHS = "$(inherited) @executable_path/Frameworks";
				PRODUCT_NAME = "$(TARGET_NAME)";
			};
			name = Release;
		};
/* End XCBuildConfiguration section */

/* Begin XCConfigurationList section */
		94E4F99F1A5A8A2800997F20 /* Build configuration list for PBXProject "WebP" */ = {
			isa = XCConfigurationList;
			buildConfigurations = (
				94E4F9C51A5A8A2800997F20 /* Debug */,
				94E4F9C61A5A8A2800997F20 /* Release */,
			);
			defaultConfigurationIsVisible = 0;
			defaultConfigurationName = Release;
		};
		94E4F9C71A5A8A2800997F20 /* Build configuration list for PBXNativeTarget "WebP" */ = {
			isa = XCConfigurationList;
			buildConfigurations = (
				94E4F9C81A5A8A2800997F20 /* Debug */,
				94E4F9C91A5A8A2800997F20 /* Release */,
			);
			defaultConfigurationIsVisible = 0;
			defaultConfigurationName = Release;
		};
/* End XCConfigurationList section */
	};
	rootObject = 94E4F99C1A5A8A2800997F20 /* Project object */;
}
